
Microsoft Visual Studio Solution File, Format Version 12.00
# Visual Studio Version 17
VisualStudioVersion = 17.14.36511.14 d17.14
MinimumVisualStudioVersion = 10.0.40219.1
Project("{FAE04EC0-301F-11D3-BF4B-00C04F79EFBC}") = "T2 - Practicando con formularios", "T2 - Practicando con formularios.csproj", "{F6E520A5-3236-4BC0-A79C-2CD9746D433C}"
EndProject
Global
	GlobalSection(SolutionConfigurationPlatforms) = preSolution
		Debug|Any CPU = Debug|Any CPU
		Release|Any CPU = Release|Any CPU
	EndGlobalSection
	GlobalSection(ProjectConfigurationPlatforms) = postSolution
		{F6E520A5-3236-4BC0-A79C-2CD9746D433C}.Debug|Any CPU.ActiveCfg = Debug|Any CPU
		{F6E520A5-3236-4BC0-A79C-2CD9746D433C}.Debug|Any CPU.Build.0 = Debug|Any CPU
		{F6E520A5-3236-4BC0-A79C-2CD9746D433C}.Release|Any CPU.ActiveCfg = Release|Any CPU
		{F6E520A5-3236-4BC0-A79C-2CD9746D433C}.Release|Any CPU.Build.0 = Release|Any CPU
	EndGlobalSection
	GlobalSection(SolutionProperties) = preSolution
		HideSolutionNode = FALSE
	EndGlobalSection
	GlobalSection(ExtensibilityGlobals) = postSolution
		SolutionGuid = {E31F787C-2709-449B-B953-D2C784E7E984}
	EndGlobalSection
EndGlobal
