
Microsoft Visual Studio Solution File, Format Version 12.00
# Visual Studio Version 17
VisualStudioVersion = 17.14.36511.14 d17.14
MinimumVisualStudioVersion = 10.0.40219.1
Project("{FAE04EC0-301F-11D3-BF4B-00C04F79EFBC}") = "Proyecto final - Sistema de calificacion estudiantes", "Proyecto final - Sistema de calificacion estudiantes.csproj", "{24B4556A-54DE-48AB-9DB4-BD636DB25FB9}"
EndProject
Global
	GlobalSection(SolutionConfigurationPlatforms) = preSolution
		Debug|Any CPU = Debug|Any CPU
		Release|Any CPU = Release|Any CPU
	EndGlobalSection
	GlobalSection(ProjectConfigurationPlatforms) = postSolution
		{24B4556A-54DE-48AB-9DB4-BD636DB25FB9}.Debug|Any CPU.ActiveCfg = Debug|Any CPU
		{24B4556A-54DE-48AB-9DB4-BD636DB25FB9}.Debug|Any CPU.Build.0 = Debug|Any CPU
		{24B4556A-54DE-48AB-9DB4-BD636DB25FB9}.Release|Any CPU.ActiveCfg = Release|Any CPU
		{24B4556A-54DE-48AB-9DB4-BD636DB25FB9}.Release|Any CPU.Build.0 = Release|Any CPU
	EndGlobalSection
	GlobalSection(SolutionProperties) = preSolution
		HideSolutionNode = FALSE
	EndGlobalSection
	GlobalSection(ExtensibilityGlobals) = postSolution
		SolutionGuid = {4033FAFD-A0C5-48A9-987A-4C739C5A06DE}
	EndGlobalSection
EndGlobal
